
Microsoft Visual Studio Solution File, Format Version 12.00
# Visual Studio 15
VisualStudioVersion = 15.0.28010.2003
MinimumVisualStudioVersion = 10.0.40219.1
Project("{FAE04EC0-301F-11D3-BF4B-00C04F79EFBC}") = "Grades1", "Grades1\Grades1.csproj", "{92A07953-4C91-41FC-92CA-BE7BA5226C7F}"
EndProject
Project("{FAE04EC0-301F-11D3-BF4B-00C04F79EFBC}") = "Grades.Tests", "Grades.Tests\Grades.Tests.csproj", "{E41671EF-FBD2-466B-A26B-3530D5B0B8C4}"
EndProject
Global
	GlobalSection(SolutionConfigurationPlatforms) = preSolution
		Debug|Any CPU = Debug|Any CPU
		Release|Any CPU = Release|Any CPU
	EndGlobalSection
	GlobalSection(ProjectConfigurationPlatforms) = postSolution
		{92A07953-4C91-41FC-92CA-BE7BA5226C7F}.Debug|Any CPU.ActiveCfg = Debug|Any CPU
		{92A07953-4C91-41FC-92CA-BE7BA5226C7F}.Debug|Any CPU.Build.0 = Debug|Any CPU
		{92A07953-4C91-41FC-92CA-BE7BA5226C7F}.Release|Any CPU.ActiveCfg = Release|Any CPU
		{92A07953-4C91-41FC-92CA-BE7BA5226C7F}.Release|Any CPU.Build.0 = Release|Any CPU
		{E41671EF-FBD2-466B-A26B-3530D5B0B8C4}.Debug|Any CPU.ActiveCfg = Debug|Any CPU
		{E41671EF-FBD2-466B-A26B-3530D5B0B8C4}.Debug|Any CPU.Build.0 = Debug|Any CPU
		{E41671EF-FBD2-466B-A26B-3530D5B0B8C4}.Release|Any CPU.ActiveCfg = Release|Any CPU
		{E41671EF-FBD2-466B-A26B-3530D5B0B8C4}.Release|Any CPU.Build.0 = Release|Any CPU
	EndGlobalSection
	GlobalSection(SolutionProperties) = preSolution
		HideSolutionNode = FALSE
	EndGlobalSection
	GlobalSection(ExtensibilityGlobals) = postSolution
		SolutionGuid = {8083A32F-8398-4268-9131-6A371004C3D9}
	EndGlobalSection
EndGlobal
